
Microsoft Visual Studio Solution File, Format Version 12.00
# Visual Studio Version 17
VisualStudioVersion = 17.8.34316.72
MinimumVisualStudioVersion = 10.0.40219.1
Project("{9A19103F-16F7-4668-BE54-9A1E7A4F7556}") = "Proiect_Mercedes", "Proiect_Mercedes.csproj", "{7F852986-2044-4C56-96DD-A8E1001BAE48}"
EndProject
Global
	GlobalSection(SolutionConfigurationPlatforms) = preSolution
		Debug|Any CPU = Debug|Any CPU
		Release|Any CPU = Release|Any CPU
	EndGlobalSection
	GlobalSection(ProjectConfigurationPlatforms) = postSolution
		{7F852986-2044-4C56-96DD-A8E1001BAE48}.Debug|Any CPU.ActiveCfg = Debug|Any CPU
		{7F852986-2044-4C56-96DD-A8E1001BAE48}.Debug|Any CPU.Build.0 = Debug|Any CPU
		{7F852986-2044-4C56-96DD-A8E1001BAE48}.Release|Any CPU.ActiveCfg = Release|Any CPU
		{7F852986-2044-4C56-96DD-A8E1001BAE48}.Release|Any CPU.Build.0 = Release|Any CPU
	EndGlobalSection
	GlobalSection(SolutionProperties) = preSolution
		HideSolutionNode = FALSE
	EndGlobalSection
	GlobalSection(ExtensibilityGlobals) = postSolution
		SolutionGuid = {56A240EF-93EA-4936-9130-22FF28DA979C}
	EndGlobalSection
EndGlobal
